
Microsoft Visual Studio Solution File, Format Version 12.00
Project("{FAE04EC0-301F-11D3-BF4B-00C04F79EFBC}") = "sqltool", "sqltool\sqltool.csproj", "{7F9B549D-B862-494A-8E0B-7ADF5273E24A}"
EndProject
Global
	GlobalSection(SolutionConfigurationPlatforms) = preSolution
		Debug|Any CPU = Debug|Any CPU
		Release|Any CPU = Release|Any CPU
	EndGlobalSection
	GlobalSection(ProjectConfigurationPlatforms) = postSolution
		{7F9B549D-B862-494A-8E0B-7ADF5273E24A}.Debug|Any CPU.ActiveCfg = Debug|Any CPU
		{7F9B549D-B862-494A-8E0B-7ADF5273E24A}.Debug|Any CPU.Build.0 = Debug|Any CPU
		{7F9B549D-B862-494A-8E0B-7ADF5273E24A}.Release|Any CPU.ActiveCfg = Release|Any CPU
		{7F9B549D-B862-494A-8E0B-7ADF5273E24A}.Release|Any CPU.Build.0 = Release|Any CPU
	EndGlobalSection
EndGlobal
